PODS:
  - Alamofire (5.8.1)
  - RxAlamofire (6.1.1):
    - RxAlamofire/Core (= 6.1.1)
  - RxAlamofire/Core (6.1.1):
    - Alamofire (~> 5.4)
    - RxSwift (~> 6.0)
  - RxCocoa (6.6.0):
    - RxRelay (= 6.6.0)
    - RxSwift (= 6.6.0)
  - RxGesture (4.0.4):
    - RxCocoa (~> 6.0)
    - RxSwift (~> 6.0)
  - RxKeyboard (2.0.0):
    - RxCocoa (~> 6.0)
    - RxSwift (~> 6.0)
  - RxRelay (6.6.0):
    - RxSwift (= 6.6.0)
  - RxSwift (6.6.0)
  - RxViewController (2.0.0):
    - RxCocoa (~> 6.0)
    - RxSwift (~> 6.0)
  - SnapKit (5.6.0)
  - SwiftLint (0.54.0)
  - Then (3.0.0)

DEPENDENCIES:
  - RxAlamofire
  - RxCocoa
  - RxGesture
  - RxKeyboard
  - RxSwift
  - RxViewController
  - SnapKit
  - SwiftLint
  - Then

SPEC REPOS:
  trunk:
    - Alamofire
    - RxAlamofire
    - RxCocoa
    - RxGesture
    - RxKeyboard
    - RxRelay
    - RxSwift
    - RxViewController
    - SnapKit
    - SwiftLint
    - Then

SPEC CHECKSUMS:
  Alamofire: 3ca42e259043ee0dc5c0cdd76c4bc568b8e42af7
  RxAlamofire: beb75a1c452d0de225651db4903f5d29d034a620
  RxCocoa: 44a80de90e25b739b5aeaae3c8c371a32e3343cc
  RxGesture: f3efb47ed2d26a8082f7b660d4a59970e275a7f8
  RxKeyboard: 4f5863f43b4ff0cbb2a20b94688d6b80c8a43c14
  RxRelay: 45eaa5db8ee4fb50e5ebd57deec0159e97fa51e6
  RxSwift: a4b44f7d24599f674deebd1818eab82e58410632
  RxViewController: 56486fa0afd629a1d6b5ba077f3b8cd9dc31b5d2
  SnapKit: e01d52ebb8ddbc333eefe2132acf85c8227d9c25
  SwiftLint: c1de071d9d08c8aba837545f6254315bc900e211
  Then: 844265ae87834bbe1147d91d5d41a404da2ec27d

PODFILE CHECKSUM: 3ed8793567abcbb868a7f23c7946a62d028670ce

COCOAPODS: 1.12.0
