// !$*UTF8*$!
{
	archiveVersion = 1;
	classes = {
	};
	objectVersion = 56;
	objects = {

/* Begin PBXBuildFile section */
		5D4977B32B327E4D00059120 /* UIViewController+backgroundColor.swift in Sources */ = {isa = PBXBuildFile; fileRef = 5D4977B22B327E4D00059120 /* UIViewController+backgroundColor.swift */; };
		5D4978812B32F26700059120 /* TabBarController.swift in Sources */ = {isa = PBXBuildFile; fileRef = 5D4978802B32F26600059120 /* TabBarController.swift */; };
		5D4978832B32F27300059120 /* HomeViewController.swift in Sources */ = {isa = PBXBuildFile; fileRef = 5D4978822B32F27300059120 /* HomeViewController.swift */; };
		5D4978852B32F36500059120 /* RegisterViewController.swift in Sources */ = {isa = PBXBuildFile; fileRef = 5D4978842B32F36500059120 /* RegisterViewController.swift */; };
		5D4978872B32F36D00059120 /* ListViewController.swift in Sources */ = {isa = PBXBuildFile; fileRef = 5D4978862B32F36D00059120 /* ListViewController.swift */; };
		5D54D3F12B19CCD40008A5D7 /* ViewAttributes.swift in Sources */ = {isa = PBXBuildFile; fileRef = 5D54D3F02B19CCD40008A5D7 /* ViewAttributes.swift */; };
		5D54D3F32B19CD4F0008A5D7 /* ViewModel.swift in Sources */ = {isa = PBXBuildFile; fileRef = 5D54D3F22B19CD4F0008A5D7 /* ViewModel.swift */; };
		5D7252762B21ADD100CF6688 /* AgreeViewModel.swift in Sources */ = {isa = PBXBuildFile; fileRef = 5D7252752B21ADD100CF6688 /* AgreeViewModel.swift */; };
		5D7252782B21ADE000CF6688 /* AgreeViewController.swift in Sources */ = {isa = PBXBuildFile; fileRef = 5D7252772B21ADE000CF6688 /* AgreeViewController.swift */; };
		5D72527D2B21AE2F00CF6688 /* Pretendard-Regular.otf in Resources */ = {isa = PBXBuildFile; fileRef = 5D72527A2B21AE2E00CF6688 /* Pretendard-Regular.otf */; };
		5D72527E2B21AE2F00CF6688 /* Pretendard-Regular.otf in Resources */ = {isa = PBXBuildFile; fileRef = 5D72527A2B21AE2E00CF6688 /* Pretendard-Regular.otf */; };
		5D72527F2B21AE2F00CF6688 /* Pretendard-Bold.otf in Resources */ = {isa = PBXBuildFile; fileRef = 5D72527B2B21AE2E00CF6688 /* Pretendard-Bold.otf */; };
		5D7252802B21AE2F00CF6688 /* Pretendard-Bold.otf in Resources */ = {isa = PBXBuildFile; fileRef = 5D72527B2B21AE2E00CF6688 /* Pretendard-Bold.otf */; };
		5D7252812B21AE2F00CF6688 /* Pretendard-Medium.otf in Resources */ = {isa = PBXBuildFile; fileRef = 5D72527C2B21AE2E00CF6688 /* Pretendard-Medium.otf */; };
		5D7252822B21AE2F00CF6688 /* Pretendard-Medium.otf in Resources */ = {isa = PBXBuildFile; fileRef = 5D72527C2B21AE2E00CF6688 /* Pretendard-Medium.otf */; };
		5D7252842B21BE8300CF6688 /* AgreeType.swift in Sources */ = {isa = PBXBuildFile; fileRef = 5D7252832B21BE8300CF6688 /* AgreeType.swift */; };
		5D7252852B21BE8300CF6688 /* AgreeType.swift in Sources */ = {isa = PBXBuildFile; fileRef = 5D7252832B21BE8300CF6688 /* AgreeType.swift */; };
		5D7252872B21BEC100CF6688 /* CheckboxButton.swift in Sources */ = {isa = PBXBuildFile; fileRef = 5D7252862B21BEC100CF6688 /* CheckboxButton.swift */; };
		5D72528A2B231CE300CF6688 /* UIColor+BeeHappy.swift in Sources */ = {isa = PBXBuildFile; fileRef = 5D7252892B231CE300CF6688 /* UIColor+BeeHappy.swift */; };
		5DB28DEC2B2AD0CD00C4E594 /* EnterNicknameViewController.swift in Sources */ = {isa = PBXBuildFile; fileRef = 5DB28DEB2B2AD0CD00C4E594 /* EnterNicknameViewController.swift */; };
		5DB28DF02B2AF9DD00C4E594 /* EnterNicknameViewModel.swift in Sources */ = {isa = PBXBuildFile; fileRef = 5DB28DEF2B2AF9DD00C4E594 /* EnterNicknameViewModel.swift */; };
		676E999C798E7795F8DED6EC /* Pods_HappyMoodBoard.framework in Frameworks */ = {isa = PBXBuildFile; fileRef = A6E437ECCF20FBB94EF85D6F /* Pods_HappyMoodBoard.framework */; };
		A2DFB7DA2B37C37C008B95AC /* SettingType.swift in Sources */ = {isa = PBXBuildFile; fileRef = A2DFB7D92B37C37C008B95AC /* SettingType.swift */; };
		A2DFB7DB2B37C37C008B95AC /* SettingType.swift in Sources */ = {isa = PBXBuildFile; fileRef = A2DFB7D92B37C37C008B95AC /* SettingType.swift */; };
		A2DFB7DC2B37C37C008B95AC /* SettingType.swift in Sources */ = {isa = PBXBuildFile; fileRef = A2DFB7D92B37C37C008B95AC /* SettingType.swift */; };
		A2DFB7DF2B383150008B95AC /* SettingIndexButton.swift in Sources */ = {isa = PBXBuildFile; fileRef = A2DFB7DE2B383150008B95AC /* SettingIndexButton.swift */; };
		A2DFB7E42B392A71008B95AC /* VersionInfoButton.swift in Sources */ = {isa = PBXBuildFile; fileRef = A2DFB7E32B392A71008B95AC /* VersionInfoButton.swift */; };
		A2DFB7E52B392A71008B95AC /* VersionInfoButton.swift in Sources */ = {isa = PBXBuildFile; fileRef = A2DFB7E32B392A71008B95AC /* VersionInfoButton.swift */; };
		A2DFB7E62B392A71008B95AC /* VersionInfoButton.swift in Sources */ = {isa = PBXBuildFile; fileRef = A2DFB7E32B392A71008B95AC /* VersionInfoButton.swift */; };
		A2DFB7E92B392E4B008B95AC /* Version.swift in Sources */ = {isa = PBXBuildFile; fileRef = A2DFB7E82B392E4B008B95AC /* Version.swift */; };
		A2DFB7EA2B392E4B008B95AC /* Version.swift in Sources */ = {isa = PBXBuildFile; fileRef = A2DFB7E82B392E4B008B95AC /* Version.swift */; };
		A2DFB7EB2B392E4B008B95AC /* Version.swift in Sources */ = {isa = PBXBuildFile; fileRef = A2DFB7E82B392E4B008B95AC /* Version.swift */; };
		A2DFB7ED2B3930DB008B95AC /* SettingIndexViewModel.swift in Sources */ = {isa = PBXBuildFile; fileRef = A2DFB7EC2B3930DB008B95AC /* SettingIndexViewModel.swift */; };
		A2DFB7EE2B3930DB008B95AC /* SettingIndexViewModel.swift in Sources */ = {isa = PBXBuildFile; fileRef = A2DFB7EC2B3930DB008B95AC /* SettingIndexViewModel.swift */; };
		A2DFB7EF2B3930DB008B95AC /* SettingIndexViewModel.swift in Sources */ = {isa = PBXBuildFile; fileRef = A2DFB7EC2B3930DB008B95AC /* SettingIndexViewModel.swift */; };
		A2DFB7F22B3935E1008B95AC /* SettingMyAccountViewController.swift in Sources */ = {isa = PBXBuildFile; fileRef = A2DFB7F12B3935E1008B95AC /* SettingMyAccountViewController.swift */; };
		A2DFB7F32B3935E1008B95AC /* SettingMyAccountViewController.swift in Sources */ = {isa = PBXBuildFile; fileRef = A2DFB7F12B3935E1008B95AC /* SettingMyAccountViewController.swift */; };
		A2DFB7F42B3935E1008B95AC /* SettingMyAccountViewController.swift in Sources */ = {isa = PBXBuildFile; fileRef = A2DFB7F12B3935E1008B95AC /* SettingMyAccountViewController.swift */; };
		A2DFB7F72B393873008B95AC /* SettingNotificationViewController.swift in Sources */ = {isa = PBXBuildFile; fileRef = A2DFB7F62B393873008B95AC /* SettingNotificationViewController.swift */; };
		A2DFB7F82B393873008B95AC /* SettingNotificationViewController.swift in Sources */ = {isa = PBXBuildFile; fileRef = A2DFB7F62B393873008B95AC /* SettingNotificationViewController.swift */; };
		A2DFB7F92B393873008B95AC /* SettingNotificationViewController.swift in Sources */ = {isa = PBXBuildFile; fileRef = A2DFB7F62B393873008B95AC /* SettingNotificationViewController.swift */; };
		A2DFB7FC2B39B4F7008B95AC /* SettingWebViewController.swift in Sources */ = {isa = PBXBuildFile; fileRef = A2DFB7FB2B39B4F7008B95AC /* SettingWebViewController.swift */; };
		A2DFB7FD2B39B4F7008B95AC /* SettingWebViewController.swift in Sources */ = {isa = PBXBuildFile; fileRef = A2DFB7FB2B39B4F7008B95AC /* SettingWebViewController.swift */; };
		A2DFB7FE2B39B4F7008B95AC /* SettingWebViewController.swift in Sources */ = {isa = PBXBuildFile; fileRef = A2DFB7FB2B39B4F7008B95AC /* SettingWebViewController.swift */; };
		A2DFB8002B39C4C1008B95AC /* UIViewController+alert.swift in Sources */ = {isa = PBXBuildFile; fileRef = A2DFB7FF2B39C4C1008B95AC /* UIViewController+alert.swift */; };
		A2DFB8012B39C4C1008B95AC /* UIViewController+alert.swift in Sources */ = {isa = PBXBuildFile; fileRef = A2DFB7FF2B39C4C1008B95AC /* UIViewController+alert.swift */; };
		A2DFB8022B39C4C1008B95AC /* UIViewController+alert.swift in Sources */ = {isa = PBXBuildFile; fileRef = A2DFB7FF2B39C4C1008B95AC /* UIViewController+alert.swift */; };
		A2DFB8052B39C647008B95AC /* SettingOpenSourceLicenseViewController.swift in Sources */ = {isa = PBXBuildFile; fileRef = A2DFB8042B39C647008B95AC /* SettingOpenSourceLicenseViewController.swift */; };
		A2DFB8062B39C647008B95AC /* SettingOpenSourceLicenseViewController.swift in Sources */ = {isa = PBXBuildFile; fileRef = A2DFB8042B39C647008B95AC /* SettingOpenSourceLicenseViewController.swift */; };
		A2DFB8072B39C647008B95AC /* SettingOpenSourceLicenseViewController.swift in Sources */ = {isa = PBXBuildFile; fileRef = A2DFB8042B39C647008B95AC /* SettingOpenSourceLicenseViewController.swift */; };
		5DF686032B35151700479D54 /* HomeViewModel.swift in Sources */ = {isa = PBXBuildFile; fileRef = 5DF686022B35151700479D54 /* HomeViewModel.swift */; };
		A2F0FA3F2B06599E00ADA84C /* .swiftlint.yml in Resources */ = {isa = PBXBuildFile; fileRef = A2F0FA3E2B06599E00ADA84C /* .swiftlint.yml */; };
		A2F0FA402B06599E00ADA84C /* .swiftlint.yml in Resources */ = {isa = PBXBuildFile; fileRef = A2F0FA3E2B06599E00ADA84C /* .swiftlint.yml */; };
		A2F0FA412B06599E00ADA84C /* .swiftlint.yml in Resources */ = {isa = PBXBuildFile; fileRef = A2F0FA3E2B06599E00ADA84C /* .swiftlint.yml */; };
		AC3A3BC02B049FB90081BF32 /* AppDelegate.swift in Sources */ = {isa = PBXBuildFile; fileRef = AC3A3BBF2B049FB90081BF32 /* AppDelegate.swift */; };
		AC3A3BC22B049FB90081BF32 /* SceneDelegate.swift in Sources */ = {isa = PBXBuildFile; fileRef = AC3A3BC12B049FB90081BF32 /* SceneDelegate.swift */; };
		AC3A3BC92B049FBA0081BF32 /* Assets.xcassets in Resources */ = {isa = PBXBuildFile; fileRef = AC3A3BC82B049FBA0081BF32 /* Assets.xcassets */; };
		AC3A3BD72B049FBA0081BF32 /* HappyMoodBoardTests.swift in Sources */ = {isa = PBXBuildFile; fileRef = AC3A3BD62B049FBA0081BF32 /* HappyMoodBoardTests.swift */; };
		AC3A3BE12B049FBA0081BF32 /* HappyMoodBoardUITests.swift in Sources */ = {isa = PBXBuildFile; fileRef = AC3A3BE02B049FBA0081BF32 /* HappyMoodBoardUITests.swift */; };
		AC3A3BE32B049FBA0081BF32 /* HappyMoodBoardUITestsLaunchTests.swift in Sources */ = {isa = PBXBuildFile; fileRef = AC3A3BE22B049FBA0081BF32 /* HappyMoodBoardUITestsLaunchTests.swift */; };
		AC9E33BF2B35486E00B0D9AE /* SettingIndexViewController.swift in Sources */ = {isa = PBXBuildFile; fileRef = AC9E33BE2B35486E00B0D9AE /* SettingIndexViewController.swift */; };
		AC9E33C02B35486E00B0D9AE /* SettingIndexViewController.swift in Sources */ = {isa = PBXBuildFile; fileRef = AC9E33BE2B35486E00B0D9AE /* SettingIndexViewController.swift */; };
		AC9E33C12B35486E00B0D9AE /* SettingIndexViewController.swift in Sources */ = {isa = PBXBuildFile; fileRef = AC9E33BE2B35486E00B0D9AE /* SettingIndexViewController.swift */; };
		AC9E33CC2B35614000B0D9AE /* NavigationTitle.swift in Sources */ = {isa = PBXBuildFile; fileRef = AC9E33CB2B35614000B0D9AE /* NavigationTitle.swift */; };
		AC9E33CD2B35614000B0D9AE /* NavigationTitle.swift in Sources */ = {isa = PBXBuildFile; fileRef = AC9E33CB2B35614000B0D9AE /* NavigationTitle.swift */; };
		AC9E33CE2B35614000B0D9AE /* NavigationTitle.swift in Sources */ = {isa = PBXBuildFile; fileRef = AC9E33CB2B35614000B0D9AE /* NavigationTitle.swift */; };
		AC9E33D12B35643000B0D9AE /* NavigtaionItemBack.swift in Sources */ = {isa = PBXBuildFile; fileRef = AC9E33D02B35643000B0D9AE /* NavigtaionItemBack.swift */; };
		AC9E33D22B35643000B0D9AE /* NavigtaionItemBack.swift in Sources */ = {isa = PBXBuildFile; fileRef = AC9E33D02B35643000B0D9AE /* NavigtaionItemBack.swift */; };
		AC9E33D32B35643000B0D9AE /* NavigtaionItemBack.swift in Sources */ = {isa = PBXBuildFile; fileRef = AC9E33D02B35643000B0D9AE /* NavigtaionItemBack.swift */; };
		E17C57EBA50B363CF865CBF2 /* Pods_HappyMoodBoardTests.framework in Frameworks */ = {isa = PBXBuildFile; fileRef = 7AD9B74EF4837EEE55C75F63 /* Pods_HappyMoodBoardTests.framework */; };
		E34BC6A879C8BCCA61AE2BF9 /* Pods_HappyMoodBoard_HappyMoodBoardUITests.framework in Frameworks */ = {isa = PBXBuildFile; fileRef = DC16FAC9EF5C81E2F6F03D73 /* Pods_HappyMoodBoard_HappyMoodBoardUITests.framework */; };
/* End PBXBuildFile section */

/* Begin PBXContainerItemProxy section */
		AC3A3BD32B049FBA0081BF32 /* PBXContainerItemProxy */ = {
			isa = PBXContainerItemProxy;
			containerPortal = AC3A3BB42B049FB90081BF32 /* Project object */;
			proxyType = 1;
			remoteGlobalIDString = AC3A3BBB2B049FB90081BF32;
			remoteInfo = HappyMoodBoard;
		};
		AC3A3BDD2B049FBA0081BF32 /* PBXContainerItemProxy */ = {
			isa = PBXContainerItemProxy;
			containerPortal = AC3A3BB42B049FB90081BF32 /* Project object */;
			proxyType = 1;
			remoteGlobalIDString = AC3A3BBB2B049FB90081BF32;
			remoteInfo = HappyMoodBoard;
		};
/* End PBXContainerItemProxy section */

/* Begin PBXFileReference section */
		0AA1D2815F3EC1CC3128138E /* Pods-HappyMoodBoard-HappyMoodBoardUITests.debug.xcconfig */ = {isa = PBXFileReference; includeInIndex = 1; lastKnownFileType = text.xcconfig; name = "Pods-HappyMoodBoard-HappyMoodBoardUITests.debug.xcconfig"; path = "Target Support Files/Pods-HappyMoodBoard-HappyMoodBoardUITests/Pods-HappyMoodBoard-HappyMoodBoardUITests.debug.xcconfig"; sourceTree = "<group>"; };
		12189AC0C5629299EDEEEADC /* Pods-HappyMoodBoard.release.xcconfig */ = {isa = PBXFileReference; includeInIndex = 1; lastKnownFileType = text.xcconfig; name = "Pods-HappyMoodBoard.release.xcconfig"; path = "Target Support Files/Pods-HappyMoodBoard/Pods-HappyMoodBoard.release.xcconfig"; sourceTree = "<group>"; };
		20290AFDECD40D5ADF4CF0B8 /* Pods-HappyMoodBoardTests.release.xcconfig */ = {isa = PBXFileReference; includeInIndex = 1; lastKnownFileType = text.xcconfig; name = "Pods-HappyMoodBoardTests.release.xcconfig"; path = "Target Support Files/Pods-HappyMoodBoardTests/Pods-HappyMoodBoardTests.release.xcconfig"; sourceTree = "<group>"; };
		2F1702469108E9A37AC63C6A /* Pods-HappyMoodBoard.debug.xcconfig */ = {isa = PBXFileReference; includeInIndex = 1; lastKnownFileType = text.xcconfig; name = "Pods-HappyMoodBoard.debug.xcconfig"; path = "Target Support Files/Pods-HappyMoodBoard/Pods-HappyMoodBoard.debug.xcconfig"; sourceTree = "<group>"; };
		5D4977B22B327E4D00059120 /* UIViewController+backgroundColor.swift */ = {isa = PBXFileReference; lastKnownFileType = sourcecode.swift; path = "UIViewController+backgroundColor.swift"; sourceTree = "<group>"; };
		5D4978802B32F26600059120 /* TabBarController.swift */ = {isa = PBXFileReference; lastKnownFileType = sourcecode.swift; path = TabBarController.swift; sourceTree = "<group>"; };
		5D4978822B32F27300059120 /* HomeViewController.swift */ = {isa = PBXFileReference; lastKnownFileType = sourcecode.swift; path = HomeViewController.swift; sourceTree = "<group>"; };
		5D4978842B32F36500059120 /* RegisterViewController.swift */ = {isa = PBXFileReference; lastKnownFileType = sourcecode.swift; path = RegisterViewController.swift; sourceTree = "<group>"; };
		5D4978862B32F36D00059120 /* ListViewController.swift */ = {isa = PBXFileReference; lastKnownFileType = sourcecode.swift; path = ListViewController.swift; sourceTree = "<group>"; };
		5D54D3F02B19CCD40008A5D7 /* ViewAttributes.swift */ = {isa = PBXFileReference; lastKnownFileType = sourcecode.swift; path = ViewAttributes.swift; sourceTree = "<group>"; };
		5D54D3F22B19CD4F0008A5D7 /* ViewModel.swift */ = {isa = PBXFileReference; lastKnownFileType = sourcecode.swift; path = ViewModel.swift; sourceTree = "<group>"; };
		5D7252752B21ADD100CF6688 /* AgreeViewModel.swift */ = {isa = PBXFileReference; lastKnownFileType = sourcecode.swift; path = AgreeViewModel.swift; sourceTree = "<group>"; };
		5D7252772B21ADE000CF6688 /* AgreeViewController.swift */ = {isa = PBXFileReference; lastKnownFileType = sourcecode.swift; path = AgreeViewController.swift; sourceTree = "<group>"; };
		5D72527A2B21AE2E00CF6688 /* Pretendard-Regular.otf */ = {isa = PBXFileReference; lastKnownFileType = file; path = "Pretendard-Regular.otf"; sourceTree = "<group>"; };
		5D72527B2B21AE2E00CF6688 /* Pretendard-Bold.otf */ = {isa = PBXFileReference; lastKnownFileType = file; path = "Pretendard-Bold.otf"; sourceTree = "<group>"; };
		5D72527C2B21AE2E00CF6688 /* Pretendard-Medium.otf */ = {isa = PBXFileReference; lastKnownFileType = file; path = "Pretendard-Medium.otf"; sourceTree = "<group>"; };
		5D7252832B21BE8300CF6688 /* AgreeType.swift */ = {isa = PBXFileReference; lastKnownFileType = sourcecode.swift; path = AgreeType.swift; sourceTree = "<group>"; };
		5D7252862B21BEC100CF6688 /* CheckboxButton.swift */ = {isa = PBXFileReference; lastKnownFileType = sourcecode.swift; path = CheckboxButton.swift; sourceTree = "<group>"; };
		5D7252892B231CE300CF6688 /* UIColor+BeeHappy.swift */ = {isa = PBXFileReference; lastKnownFileType = sourcecode.swift; path = "UIColor+BeeHappy.swift"; sourceTree = "<group>"; };
		5DB28DEB2B2AD0CD00C4E594 /* EnterNicknameViewController.swift */ = {isa = PBXFileReference; lastKnownFileType = sourcecode.swift; path = EnterNicknameViewController.swift; sourceTree = "<group>"; };
		5DB28DEF2B2AF9DD00C4E594 /* EnterNicknameViewModel.swift */ = {isa = PBXFileReference; lastKnownFileType = sourcecode.swift; path = EnterNicknameViewModel.swift; sourceTree = "<group>"; };
		6575D7DDF37C8F4547644BF0 /* Pods-HappyMoodBoardTests.debug.xcconfig */ = {isa = PBXFileReference; includeInIndex = 1; lastKnownFileType = text.xcconfig; name = "Pods-HappyMoodBoardTests.debug.xcconfig"; path = "Target Support Files/Pods-HappyMoodBoardTests/Pods-HappyMoodBoardTests.debug.xcconfig"; sourceTree = "<group>"; };
		7AD9B74EF4837EEE55C75F63 /* Pods_HappyMoodBoardTests.framework */ = {isa = PBXFileReference; explicitFileType = wrapper.framework; includeInIndex = 0; path = Pods_HappyMoodBoardTests.framework; sourceTree = BUILT_PRODUCTS_DIR; };
		928F15A5095CBB78C4957AD4 /* Pods-HappyMoodBoard-HappyMoodBoardUITests.release.xcconfig */ = {isa = PBXFileReference; includeInIndex = 1; lastKnownFileType = text.xcconfig; name = "Pods-HappyMoodBoard-HappyMoodBoardUITests.release.xcconfig"; path = "Target Support Files/Pods-HappyMoodBoard-HappyMoodBoardUITests/Pods-HappyMoodBoard-HappyMoodBoardUITests.release.xcconfig"; sourceTree = "<group>"; };
		A2DFB7D92B37C37C008B95AC /* SettingType.swift */ = {isa = PBXFileReference; lastKnownFileType = sourcecode.swift; path = SettingType.swift; sourceTree = "<group>"; };
		A2DFB7DE2B383150008B95AC /* SettingIndexButton.swift */ = {isa = PBXFileReference; lastKnownFileType = sourcecode.swift; path = SettingIndexButton.swift; sourceTree = "<group>"; };
		A2DFB7E32B392A71008B95AC /* VersionInfoButton.swift */ = {isa = PBXFileReference; lastKnownFileType = sourcecode.swift; path = VersionInfoButton.swift; sourceTree = "<group>"; };
		A2DFB7E82B392E4B008B95AC /* Version.swift */ = {isa = PBXFileReference; lastKnownFileType = sourcecode.swift; path = Version.swift; sourceTree = "<group>"; };
		A2DFB7EC2B3930DB008B95AC /* SettingIndexViewModel.swift */ = {isa = PBXFileReference; lastKnownFileType = sourcecode.swift; path = SettingIndexViewModel.swift; sourceTree = "<group>"; };
		A2DFB7F12B3935E1008B95AC /* SettingMyAccountViewController.swift */ = {isa = PBXFileReference; lastKnownFileType = sourcecode.swift; path = SettingMyAccountViewController.swift; sourceTree = "<group>"; };
		A2DFB7F62B393873008B95AC /* SettingNotificationViewController.swift */ = {isa = PBXFileReference; lastKnownFileType = sourcecode.swift; path = SettingNotificationViewController.swift; sourceTree = "<group>"; };
		A2DFB7FB2B39B4F7008B95AC /* SettingWebViewController.swift */ = {isa = PBXFileReference; lastKnownFileType = sourcecode.swift; path = SettingWebViewController.swift; sourceTree = "<group>"; };
		A2DFB7FF2B39C4C1008B95AC /* UIViewController+alert.swift */ = {isa = PBXFileReference; lastKnownFileType = sourcecode.swift; path = "UIViewController+alert.swift"; sourceTree = "<group>"; };
		A2DFB8042B39C647008B95AC /* SettingOpenSourceLicenseViewController.swift */ = {isa = PBXFileReference; lastKnownFileType = sourcecode.swift; path = SettingOpenSourceLicenseViewController.swift; sourceTree = "<group>"; };
		5DF686022B35151700479D54 /* HomeViewModel.swift */ = {isa = PBXFileReference; lastKnownFileType = sourcecode.swift; path = HomeViewModel.swift; sourceTree = "<group>"; };
		770EB42EEC0C5E26690C4DBA /* Pods-HappyMoodBoard.debug.xcconfig */ = {isa = PBXFileReference; includeInIndex = 1; lastKnownFileType = text.xcconfig; name = "Pods-HappyMoodBoard.debug.xcconfig"; path = "Target Support Files/Pods-HappyMoodBoard/Pods-HappyMoodBoard.debug.xcconfig"; sourceTree = "<group>"; };
		7DB0036E0DF4880FF188512F /* Pods-HappyMoodBoard-HappyMoodBoardUITests.debug.xcconfig */ = {isa = PBXFileReference; includeInIndex = 1; lastKnownFileType = text.xcconfig; name = "Pods-HappyMoodBoard-HappyMoodBoardUITests.debug.xcconfig"; path = "Target Support Files/Pods-HappyMoodBoard-HappyMoodBoardUITests/Pods-HappyMoodBoard-HappyMoodBoardUITests.debug.xcconfig"; sourceTree = "<group>"; };
		856C8EB45D34A77850140391 /* Pods_HappyMoodBoard.framework */ = {isa = PBXFileReference; explicitFileType = wrapper.framework; includeInIndex = 0; path = Pods_HappyMoodBoard.framework; sourceTree = BUILT_PRODUCTS_DIR; };
		8D7E7028B519838157110D33 /* Pods_HappyMoodBoardTests.framework */ = {isa = PBXFileReference; explicitFileType = wrapper.framework; includeInIndex = 0; path = Pods_HappyMoodBoardTests.framework; sourceTree = BUILT_PRODUCTS_DIR; };
		A2F0FA3E2B06599E00ADA84C /* .swiftlint.yml */ = {isa = PBXFileReference; lastKnownFileType = text.yaml; path = .swiftlint.yml; sourceTree = "<group>"; };
		A6E437ECCF20FBB94EF85D6F /* Pods_HappyMoodBoard.framework */ = {isa = PBXFileReference; explicitFileType = wrapper.framework; includeInIndex = 0; path = Pods_HappyMoodBoard.framework; sourceTree = BUILT_PRODUCTS_DIR; };
		AC3A3BBC2B049FB90081BF32 /* HappyMoodBoard.app */ = {isa = PBXFileReference; explicitFileType = wrapper.application; includeInIndex = 0; path = HappyMoodBoard.app; sourceTree = BUILT_PRODUCTS_DIR; };
		AC3A3BBF2B049FB90081BF32 /* AppDelegate.swift */ = {isa = PBXFileReference; lastKnownFileType = sourcecode.swift; path = AppDelegate.swift; sourceTree = "<group>"; };
		AC3A3BC12B049FB90081BF32 /* SceneDelegate.swift */ = {isa = PBXFileReference; lastKnownFileType = sourcecode.swift; path = SceneDelegate.swift; sourceTree = "<group>"; };
		AC3A3BC82B049FBA0081BF32 /* Assets.xcassets */ = {isa = PBXFileReference; lastKnownFileType = folder.assetcatalog; path = Assets.xcassets; sourceTree = "<group>"; };
		AC3A3BCD2B049FBA0081BF32 /* Info.plist */ = {isa = PBXFileReference; lastKnownFileType = text.plist.xml; path = Info.plist; sourceTree = "<group>"; };
		AC3A3BD22B049FBA0081BF32 /* HappyMoodBoardTests.xctest */ = {isa = PBXFileReference; explicitFileType = wrapper.cfbundle; includeInIndex = 0; path = HappyMoodBoardTests.xctest; sourceTree = BUILT_PRODUCTS_DIR; };
		AC3A3BD62B049FBA0081BF32 /* HappyMoodBoardTests.swift */ = {isa = PBXFileReference; lastKnownFileType = sourcecode.swift; path = HappyMoodBoardTests.swift; sourceTree = "<group>"; };
		AC3A3BDC2B049FBA0081BF32 /* HappyMoodBoardUITests.xctest */ = {isa = PBXFileReference; explicitFileType = wrapper.cfbundle; includeInIndex = 0; path = HappyMoodBoardUITests.xctest; sourceTree = BUILT_PRODUCTS_DIR; };
		AC3A3BE02B049FBA0081BF32 /* HappyMoodBoardUITests.swift */ = {isa = PBXFileReference; lastKnownFileType = sourcecode.swift; path = HappyMoodBoardUITests.swift; sourceTree = "<group>"; };
		AC3A3BE22B049FBA0081BF32 /* HappyMoodBoardUITestsLaunchTests.swift */ = {isa = PBXFileReference; lastKnownFileType = sourcecode.swift; path = HappyMoodBoardUITestsLaunchTests.swift; sourceTree = "<group>"; };
		AC9E33BE2B35486E00B0D9AE /* SettingIndexViewController.swift */ = {isa = PBXFileReference; lastKnownFileType = sourcecode.swift; path = SettingIndexViewController.swift; sourceTree = "<group>"; };
		AC9E33CB2B35614000B0D9AE /* NavigationTitle.swift */ = {isa = PBXFileReference; lastKnownFileType = sourcecode.swift; path = NavigationTitle.swift; sourceTree = "<group>"; };
		AC9E33D02B35643000B0D9AE /* NavigtaionItemBack.swift */ = {isa = PBXFileReference; lastKnownFileType = sourcecode.swift; path = NavigtaionItemBack.swift; sourceTree = "<group>"; };
		DC16FAC9EF5C81E2F6F03D73 /* Pods_HappyMoodBoard_HappyMoodBoardUITests.framework */ = {isa = PBXFileReference; explicitFileType = wrapper.framework; includeInIndex = 0; path = Pods_HappyMoodBoard_HappyMoodBoardUITests.framework; sourceTree = BUILT_PRODUCTS_DIR; };
/* End PBXFileReference section */

/* Begin PBXFrameworksBuildPhase section */
		AC3A3BB92B049FB90081BF32 /* Frameworks */ = {
			isa = PBXFrameworksBuildPhase;
			buildActionMask = 2147483647;
			files = (
				676E999C798E7795F8DED6EC /* Pods_HappyMoodBoard.framework in Frameworks */,
			);
			runOnlyForDeploymentPostprocessing = 0;
		};
		AC3A3BCF2B049FBA0081BF32 /* Frameworks */ = {
			isa = PBXFrameworksBuildPhase;
			buildActionMask = 2147483647;
			files = (
				E17C57EBA50B363CF865CBF2 /* Pods_HappyMoodBoardTests.framework in Frameworks */,
			);
			runOnlyForDeploymentPostprocessing = 0;
		};
		AC3A3BD92B049FBA0081BF32 /* Frameworks */ = {
			isa = PBXFrameworksBuildPhase;
			buildActionMask = 2147483647;
			files = (
				E34BC6A879C8BCCA61AE2BF9 /* Pods_HappyMoodBoard_HappyMoodBoardUITests.framework in Frameworks */,
			);
			runOnlyForDeploymentPostprocessing = 0;
		};
/* End PBXFrameworksBuildPhase section */

/* Begin PBXGroup section */
		5D49787F2B32F23300059120 /* Tab */ = {
			isa = PBXGroup;
			children = (
				5D4978802B32F26600059120 /* TabBarController.swift */,
				5D4978822B32F27300059120 /* HomeViewController.swift */,
				5DF686022B35151700479D54 /* HomeViewModel.swift */,
				5D4978842B32F36500059120 /* RegisterViewController.swift */,
				5D4978862B32F36D00059120 /* ListViewController.swift */,
			);
			path = Tab;
			sourceTree = "<group>";
		};
		5D54D3E72B19B0C20008A5D7 /* Login */ = {
			isa = PBXGroup;
			children = (
			);
			path = Login;
			sourceTree = "<group>";
		};
		5D54D3E82B19B0C90008A5D7 /* Onboarding */ = {
			isa = PBXGroup;
			children = (
				5D7252832B21BE8300CF6688 /* AgreeType.swift */,
				5D7252772B21ADE000CF6688 /* AgreeViewController.swift */,
				5D7252752B21ADD100CF6688 /* AgreeViewModel.swift */,
				5DB28DEB2B2AD0CD00C4E594 /* EnterNicknameViewController.swift */,
				5DB28DEF2B2AF9DD00C4E594 /* EnterNicknameViewModel.swift */,
			);
			path = Onboarding;
			sourceTree = "<group>";
		};
		5D54D3EF2B19CCC60008A5D7 /* Common */ = {
			isa = PBXGroup;
			children = (
				A2DFB7E72B392E3D008B95AC /* Function */,
				AC9E33C82B35555600B0D9AE /* Extension */,
				AC9E33C72B35554B00B0D9AE /* Protocol */,
				AC9E33C92B3558A100B0D9AE /* UI */,
			);
			path = Common;
			sourceTree = "<group>";
		};
		5D7252792B21AE2000CF6688 /* Fonts */ = {
			isa = PBXGroup;
			children = (
				5D72527B2B21AE2E00CF6688 /* Pretendard-Bold.otf */,
				5D72527C2B21AE2E00CF6688 /* Pretendard-Medium.otf */,
				5D72527A2B21AE2E00CF6688 /* Pretendard-Regular.otf */,
			);
			path = Fonts;
			sourceTree = "<group>";
		};
		A24CDD222B064F2F00A699E8 /* Resources */ = {
			isa = PBXGroup;
			children = (
				AC3A3BC82B049FBA0081BF32 /* Assets.xcassets */,
				5D7252792B21AE2000CF6688 /* Fonts */,
			);
			path = Resources;
			sourceTree = "<group>";
		};
		A24CDD232B064F3D00A699E8 /* AppDelegate */ = {
			isa = PBXGroup;
			children = (
				AC3A3BBF2B049FB90081BF32 /* AppDelegate.swift */,
				AC3A3BC12B049FB90081BF32 /* SceneDelegate.swift */,
			);
			path = AppDelegate;
			sourceTree = "<group>";
		};
		A24CDD242B064F9100A699E8 /* Presentation */ = {
			isa = PBXGroup;
			children = (
				5D54D3EF2B19CCC60008A5D7 /* Common */,
				5D54D3E82B19B0C90008A5D7 /* Onboarding */,
				5D54D3E72B19B0C20008A5D7 /* Login */,
				AC9E33BD2B35483700B0D9AE /* Setting */,
				5D49787F2B32F23300059120 /* Tab */,
			);
			path = Presentation;
			sourceTree = "<group>";
		};
		A2DFB7E22B3926F9008B95AC /* SettingIndex */ = {
			isa = PBXGroup;
			children = (
				A2DFB7D92B37C37C008B95AC /* SettingType.swift */,
				AC9E33BE2B35486E00B0D9AE /* SettingIndexViewController.swift */,
				A2DFB7EC2B3930DB008B95AC /* SettingIndexViewModel.swift */,
			);
			path = SettingIndex;
			sourceTree = "<group>";
		};
		A2DFB7E72B392E3D008B95AC /* Function */ = {
			isa = PBXGroup;
			children = (
				A2DFB7E82B392E4B008B95AC /* Version.swift */,
			);
			path = Function;
			sourceTree = "<group>";
		};
		A2DFB7F02B3935C8008B95AC /* SettingMyAccount */ = {
			isa = PBXGroup;
			children = (
				A2DFB7F12B3935E1008B95AC /* SettingMyAccountViewController.swift */,
			);
			path = SettingMyAccount;
			sourceTree = "<group>";
		};
		A2DFB7F52B39380B008B95AC /* SettingNotification */ = {
			isa = PBXGroup;
			children = (
				A2DFB7F62B393873008B95AC /* SettingNotificationViewController.swift */,
			);
			path = SettingNotification;
			sourceTree = "<group>";
		};
		A2DFB7FA2B39B4D1008B95AC /* SettingWebView */ = {
			isa = PBXGroup;
			children = (
				A2DFB7FB2B39B4F7008B95AC /* SettingWebViewController.swift */,
			);
			path = SettingWebView;
			sourceTree = "<group>";
		};
		A2DFB8032B39C62C008B95AC /* SettingOpenSourceLicense */ = {
			isa = PBXGroup;
			children = (
				A2DFB8042B39C647008B95AC /* SettingOpenSourceLicenseViewController.swift */,
			);
			path = SettingOpenSourceLicense;
			sourceTree = "<group>";
		};
		AC3A3BB32B049FB90081BF32 = {
			isa = PBXGroup;
			children = (
				A2F0FA3E2B06599E00ADA84C /* .swiftlint.yml */,
				AC3A3BBE2B049FB90081BF32 /* HappyMoodBoard */,
				AC3A3BD52B049FBA0081BF32 /* HappyMoodBoardTests */,
				AC3A3BDF2B049FBA0081BF32 /* HappyMoodBoardUITests */,
				AC3A3BBD2B049FB90081BF32 /* Products */,
				B7095465C023B9A3BA4A747D /* Pods */,
				DFDFF6A46F475BEC94995B9F /* Frameworks */,
			);
			sourceTree = "<group>";
		};
		AC3A3BBD2B049FB90081BF32 /* Products */ = {
			isa = PBXGroup;
			children = (
				AC3A3BBC2B049FB90081BF32 /* HappyMoodBoard.app */,
				AC3A3BD22B049FBA0081BF32 /* HappyMoodBoardTests.xctest */,
				AC3A3BDC2B049FBA0081BF32 /* HappyMoodBoardUITests.xctest */,
			);
			name = Products;
			sourceTree = "<group>";
		};
		AC3A3BBE2B049FB90081BF32 /* HappyMoodBoard */ = {
			isa = PBXGroup;
			children = (
				AC3A3BCD2B049FBA0081BF32 /* Info.plist */,
				A24CDD232B064F3D00A699E8 /* AppDelegate */,
				A24CDD242B064F9100A699E8 /* Presentation */,
				A24CDD222B064F2F00A699E8 /* Resources */,
			);
			path = HappyMoodBoard;
			sourceTree = "<group>";
		};
		AC3A3BD52B049FBA0081BF32 /* HappyMoodBoardTests */ = {
			isa = PBXGroup;
			children = (
				AC3A3BD62B049FBA0081BF32 /* HappyMoodBoardTests.swift */,
			);
			path = HappyMoodBoardTests;
			sourceTree = "<group>";
		};
		AC3A3BDF2B049FBA0081BF32 /* HappyMoodBoardUITests */ = {
			isa = PBXGroup;
			children = (
				AC3A3BE02B049FBA0081BF32 /* HappyMoodBoardUITests.swift */,
				AC3A3BE22B049FBA0081BF32 /* HappyMoodBoardUITestsLaunchTests.swift */,
			);
			path = HappyMoodBoardUITests;
			sourceTree = "<group>";
		};
		AC9E33BD2B35483700B0D9AE /* Setting */ = {
			isa = PBXGroup;
			children = (
				A2DFB7E22B3926F9008B95AC /* SettingIndex */,
				A2DFB7F02B3935C8008B95AC /* SettingMyAccount */,
				A2DFB7F52B39380B008B95AC /* SettingNotification */,
				A2DFB7FA2B39B4D1008B95AC /* SettingWebView */,
				A2DFB8032B39C62C008B95AC /* SettingOpenSourceLicense */,
			);
			path = Setting;
			sourceTree = "<group>";
		};
		AC9E33C62B35553C00B0D9AE /* UIButton */ = {
			isa = PBXGroup;
			children = (
				5D7252862B21BEC100CF6688 /* CheckboxButton.swift */,
				A2DFB7DE2B383150008B95AC /* SettingIndexButton.swift */,
				A2DFB7E32B392A71008B95AC /* VersionInfoButton.swift */,
			);
			path = UIButton;
			sourceTree = "<group>";
		};
		AC9E33C72B35554B00B0D9AE /* Protocol */ = {
			isa = PBXGroup;
			children = (
				5D54D3F02B19CCD40008A5D7 /* ViewAttributes.swift */,
				5D54D3F22B19CD4F0008A5D7 /* ViewModel.swift */,
			);
			path = Protocol;
			sourceTree = "<group>";
		};
		AC9E33C82B35555600B0D9AE /* Extension */ = {
			isa = PBXGroup;
			children = (
				5D7252892B231CE300CF6688 /* UIColor+BeeHappy.swift */,
				5D4977B22B327E4D00059120 /* UIViewController+backgroundColor.swift */,
				A2DFB7FF2B39C4C1008B95AC /* UIViewController+alert.swift */,
			);
			path = Extension;
			sourceTree = "<group>";
		};
		AC9E33C92B3558A100B0D9AE /* UI */ = {
			isa = PBXGroup;
			children = (
				AC9E33CF2B35642200B0D9AE /* UIBarButtonItem */,
				AC9E33CA2B35613200B0D9AE /* UIView */,
				AC9E33C62B35553C00B0D9AE /* UIButton */,
			);
			path = UI;
			sourceTree = "<group>";
		};
		AC9E33CA2B35613200B0D9AE /* UIView */ = {
			isa = PBXGroup;
			children = (
				AC9E33CB2B35614000B0D9AE /* NavigationTitle.swift */,
			);
			path = UIView;
			sourceTree = "<group>";
		};
		AC9E33CF2B35642200B0D9AE /* UIBarButtonItem */ = {
			isa = PBXGroup;
			children = (
				AC9E33D02B35643000B0D9AE /* NavigtaionItemBack.swift */,
			);
			path = UIBarButtonItem;
			sourceTree = "<group>";
		};
		B7095465C023B9A3BA4A747D /* Pods */ = {
			isa = PBXGroup;
			children = (
				2F1702469108E9A37AC63C6A /* Pods-HappyMoodBoard.debug.xcconfig */,
				12189AC0C5629299EDEEEADC /* Pods-HappyMoodBoard.release.xcconfig */,
				0AA1D2815F3EC1CC3128138E /* Pods-HappyMoodBoard-HappyMoodBoardUITests.debug.xcconfig */,
				928F15A5095CBB78C4957AD4 /* Pods-HappyMoodBoard-HappyMoodBoardUITests.release.xcconfig */,
				6575D7DDF37C8F4547644BF0 /* Pods-HappyMoodBoardTests.debug.xcconfig */,
				20290AFDECD40D5ADF4CF0B8 /* Pods-HappyMoodBoardTests.release.xcconfig */,
			);
			path = Pods;
			sourceTree = "<group>";
		};
		DFDFF6A46F475BEC94995B9F /* Frameworks */ = {
			isa = PBXGroup;
			children = (
				A6E437ECCF20FBB94EF85D6F /* Pods_HappyMoodBoard.framework */,
				DC16FAC9EF5C81E2F6F03D73 /* Pods_HappyMoodBoard_HappyMoodBoardUITests.framework */,
				7AD9B74EF4837EEE55C75F63 /* Pods_HappyMoodBoardTests.framework */,
			);
			name = Frameworks;
			sourceTree = "<group>";
		};
/* End PBXGroup section */

/* Begin PBXNativeTarget section */
		AC3A3BBB2B049FB90081BF32 /* HappyMoodBoard */ = {
			isa = PBXNativeTarget;
			buildConfigurationList = AC3A3BE62B049FBA0081BF32 /* Build configuration list for PBXNativeTarget "HappyMoodBoard" */;
			buildPhases = (
				F04D32111F5AF18B5D95DA0D /* [CP] Check Pods Manifest.lock */,
				AC3A3BB82B049FB90081BF32 /* Sources */,
				AC3A3BB92B049FB90081BF32 /* Frameworks */,
				AC3A3BBA2B049FB90081BF32 /* Resources */,
				A2F0FA382B06589900ADA84C /* ShellScript */,
				F4E17BF5DDB5255761FB3A75 /* [CP] Embed Pods Frameworks */,
			);
			buildRules = (
			);
			dependencies = (
			);
			name = HappyMoodBoard;
			productName = HappyMoodBoard;
			productReference = AC3A3BBC2B049FB90081BF32 /* HappyMoodBoard.app */;
			productType = "com.apple.product-type.application";
		};
		AC3A3BD12B049FBA0081BF32 /* HappyMoodBoardTests */ = {
			isa = PBXNativeTarget;
			buildConfigurationList = AC3A3BE92B049FBA0081BF32 /* Build configuration list for PBXNativeTarget "HappyMoodBoardTests" */;
			buildPhases = (
				0DA56A6CB14A151167CF057F /* [CP] Check Pods Manifest.lock */,
				AC3A3BCE2B049FBA0081BF32 /* Sources */,
				AC3A3BCF2B049FBA0081BF32 /* Frameworks */,
				AC3A3BD02B049FBA0081BF32 /* Resources */,
			);
			buildRules = (
			);
			dependencies = (
				AC3A3BD42B049FBA0081BF32 /* PBXTargetDependency */,
			);
			name = HappyMoodBoardTests;
			productName = HappyMoodBoardTests;
			productReference = AC3A3BD22B049FBA0081BF32 /* HappyMoodBoardTests.xctest */;
			productType = "com.apple.product-type.bundle.unit-test";
		};
		AC3A3BDB2B049FBA0081BF32 /* HappyMoodBoardUITests */ = {
			isa = PBXNativeTarget;
			buildConfigurationList = AC3A3BEC2B049FBA0081BF32 /* Build configuration list for PBXNativeTarget "HappyMoodBoardUITests" */;
			buildPhases = (
				319D08AF177BF75294B6DC93 /* [CP] Check Pods Manifest.lock */,
				AC3A3BD82B049FBA0081BF32 /* Sources */,
				AC3A3BD92B049FBA0081BF32 /* Frameworks */,
				AC3A3BDA2B049FBA0081BF32 /* Resources */,
				076CD2B64C6B3B043211A029 /* [CP] Embed Pods Frameworks */,
			);
			buildRules = (
			);
			dependencies = (
				AC3A3BDE2B049FBA0081BF32 /* PBXTargetDependency */,
			);
			name = HappyMoodBoardUITests;
			productName = HappyMoodBoardUITests;
			productReference = AC3A3BDC2B049FBA0081BF32 /* HappyMoodBoardUITests.xctest */;
			productType = "com.apple.product-type.bundle.ui-testing";
		};
/* End PBXNativeTarget section */

/* Begin PBXProject section */
		AC3A3BB42B049FB90081BF32 /* Project object */ = {
			isa = PBXProject;
			attributes = {
				BuildIndependentTargetsInParallel = 1;
				LastSwiftUpdateCheck = 1500;
				LastUpgradeCheck = 1500;
				TargetAttributes = {
					AC3A3BBB2B049FB90081BF32 = {
						CreatedOnToolsVersion = 15.0;
					};
					AC3A3BD12B049FBA0081BF32 = {
						CreatedOnToolsVersion = 15.0;
						TestTargetID = AC3A3BBB2B049FB90081BF32;
					};
					AC3A3BDB2B049FBA0081BF32 = {
						CreatedOnToolsVersion = 15.0;
						TestTargetID = AC3A3BBB2B049FB90081BF32;
					};
				};
			};
			buildConfigurationList = AC3A3BB72B049FB90081BF32 /* Build configuration list for PBXProject "HappyMoodBoard" */;
			compatibilityVersion = "Xcode 14.0";
			developmentRegion = en;
			hasScannedForEncodings = 0;
			knownRegions = (
				en,
				Base,
			);
			mainGroup = AC3A3BB32B049FB90081BF32;
			productRefGroup = AC3A3BBD2B049FB90081BF32 /* Products */;
			projectDirPath = "";
			projectRoot = "";
			targets = (
				AC3A3BBB2B049FB90081BF32 /* HappyMoodBoard */,
				AC3A3BD12B049FBA0081BF32 /* HappyMoodBoardTests */,
				AC3A3BDB2B049FBA0081BF32 /* HappyMoodBoardUITests */,
			);
		};
/* End PBXProject section */

/* Begin PBXResourcesBuildPhase section */
		AC3A3BBA2B049FB90081BF32 /* Resources */ = {
			isa = PBXResourcesBuildPhase;
			buildActionMask = 2147483647;
			files = (
				A2F0FA3F2B06599E00ADA84C /* .swiftlint.yml in Resources */,
				5D7252812B21AE2F00CF6688 /* Pretendard-Medium.otf in Resources */,
				5D72527F2B21AE2F00CF6688 /* Pretendard-Bold.otf in Resources */,
				5D72527D2B21AE2F00CF6688 /* Pretendard-Regular.otf in Resources */,
				AC3A3BC92B049FBA0081BF32 /* Assets.xcassets in Resources */,
			);
			runOnlyForDeploymentPostprocessing = 0;
		};
		AC3A3BD02B049FBA0081BF32 /* Resources */ = {
			isa = PBXResourcesBuildPhase;
			buildActionMask = 2147483647;
			files = (
				A2F0FA402B06599E00ADA84C /* .swiftlint.yml in Resources */,
			);
			runOnlyForDeploymentPostprocessing = 0;
		};
		AC3A3BDA2B049FBA0081BF32 /* Resources */ = {
			isa = PBXResourcesBuildPhase;
			buildActionMask = 2147483647;
			files = (
				A2F0FA412B06599E00ADA84C /* .swiftlint.yml in Resources */,
				5D7252802B21AE2F00CF6688 /* Pretendard-Bold.otf in Resources */,
				5D72527E2B21AE2F00CF6688 /* Pretendard-Regular.otf in Resources */,
				5D7252822B21AE2F00CF6688 /* Pretendard-Medium.otf in Resources */,
			);
			runOnlyForDeploymentPostprocessing = 0;
		};
/* End PBXResourcesBuildPhase section */

/* Begin PBXShellScriptBuildPhase section */
		076CD2B64C6B3B043211A029 /* [CP] Embed Pods Frameworks */ = {
			isa = PBXShellScriptBuildPhase;
			buildActionMask = 2147483647;
			files = (
			);
			inputFileListPaths = (
				"${PODS_ROOT}/Target Support Files/Pods-HappyMoodBoard-HappyMoodBoardUITests/Pods-HappyMoodBoard-HappyMoodBoardUITests-frameworks-${CONFIGURATION}-input-files.xcfilelist",
			);
			name = "[CP] Embed Pods Frameworks";
			outputFileListPaths = (
				"${PODS_ROOT}/Target Support Files/Pods-HappyMoodBoard-HappyMoodBoardUITests/Pods-HappyMoodBoard-HappyMoodBoardUITests-frameworks-${CONFIGURATION}-output-files.xcfilelist",
			);
			runOnlyForDeploymentPostprocessing = 0;
			shellPath = /bin/sh;
			shellScript = "\"${PODS_ROOT}/Target Support Files/Pods-HappyMoodBoard-HappyMoodBoardUITests/Pods-HappyMoodBoard-HappyMoodBoardUITests-frameworks.sh\"\n";
			showEnvVarsInLog = 0;
		};
		0DA56A6CB14A151167CF057F /* [CP] Check Pods Manifest.lock */ = {
			isa = PBXShellScriptBuildPhase;
			buildActionMask = 2147483647;
			files = (
			);
			inputFileListPaths = (
			);
			inputPaths = (
				"${PODS_PODFILE_DIR_PATH}/Podfile.lock",
				"${PODS_ROOT}/Manifest.lock",
			);
			name = "[CP] Check Pods Manifest.lock";
			outputFileListPaths = (
			);
			outputPaths = (
				"$(DERIVED_FILE_DIR)/Pods-HappyMoodBoardTests-checkManifestLockResult.txt",
			);
			runOnlyForDeploymentPostprocessing = 0;
			shellPath = /bin/sh;
			shellScript = "diff \"${PODS_PODFILE_DIR_PATH}/Podfile.lock\" \"${PODS_ROOT}/Manifest.lock\" > /dev/null\nif [ $? != 0 ] ; then\n    # print error to STDERR\n    echo \"error: The sandbox is not in sync with the Podfile.lock. Run 'pod install' or update your CocoaPods installation.\" >&2\n    exit 1\nfi\n# This output is used by Xcode 'outputs' to avoid re-running this script phase.\necho \"SUCCESS\" > \"${SCRIPT_OUTPUT_FILE_0}\"\n";
			showEnvVarsInLog = 0;
		};
		319D08AF177BF75294B6DC93 /* [CP] Check Pods Manifest.lock */ = {
			isa = PBXShellScriptBuildPhase;
			buildActionMask = 2147483647;
			files = (
			);
			inputFileListPaths = (
			);
			inputPaths = (
				"${PODS_PODFILE_DIR_PATH}/Podfile.lock",
				"${PODS_ROOT}/Manifest.lock",
			);
			name = "[CP] Check Pods Manifest.lock";
			outputFileListPaths = (
			);
			outputPaths = (
				"$(DERIVED_FILE_DIR)/Pods-HappyMoodBoard-HappyMoodBoardUITests-checkManifestLockResult.txt",
			);
			runOnlyForDeploymentPostprocessing = 0;
			shellPath = /bin/sh;
			shellScript = "diff \"${PODS_PODFILE_DIR_PATH}/Podfile.lock\" \"${PODS_ROOT}/Manifest.lock\" > /dev/null\nif [ $? != 0 ] ; then\n    # print error to STDERR\n    echo \"error: The sandbox is not in sync with the Podfile.lock. Run 'pod install' or update your CocoaPods installation.\" >&2\n    exit 1\nfi\n# This output is used by Xcode 'outputs' to avoid re-running this script phase.\necho \"SUCCESS\" > \"${SCRIPT_OUTPUT_FILE_0}\"\n";
			showEnvVarsInLog = 0;
		};
		A2F0FA382B06589900ADA84C /* ShellScript */ = {
			isa = PBXShellScriptBuildPhase;
			buildActionMask = 2147483647;
			files = (
			);
			inputFileListPaths = (
			);
			inputPaths = (
			);
			outputFileListPaths = (
			);
			outputPaths = (
			);
			runOnlyForDeploymentPostprocessing = 0;
			shellPath = /bin/sh;
			shellScript = "\"${PODS_ROOT}/SwiftLint/swiftlint\"\n";
		};
		F04D32111F5AF18B5D95DA0D /* [CP] Check Pods Manifest.lock */ = {
			isa = PBXShellScriptBuildPhase;
			buildActionMask = 2147483647;
			files = (
			);
			inputFileListPaths = (
			);
			inputPaths = (
				"${PODS_PODFILE_DIR_PATH}/Podfile.lock",
				"${PODS_ROOT}/Manifest.lock",
			);
			name = "[CP] Check Pods Manifest.lock";
			outputFileListPaths = (
			);
			outputPaths = (
				"$(DERIVED_FILE_DIR)/Pods-HappyMoodBoard-checkManifestLockResult.txt",
			);
			runOnlyForDeploymentPostprocessing = 0;
			shellPath = /bin/sh;
			shellScript = "diff \"${PODS_PODFILE_DIR_PATH}/Podfile.lock\" \"${PODS_ROOT}/Manifest.lock\" > /dev/null\nif [ $? != 0 ] ; then\n    # print error to STDERR\n    echo \"error: The sandbox is not in sync with the Podfile.lock. Run 'pod install' or update your CocoaPods installation.\" >&2\n    exit 1\nfi\n# This output is used by Xcode 'outputs' to avoid re-running this script phase.\necho \"SUCCESS\" > \"${SCRIPT_OUTPUT_FILE_0}\"\n";
			showEnvVarsInLog = 0;
		};
		F4E17BF5DDB5255761FB3A75 /* [CP] Embed Pods Frameworks */ = {
			isa = PBXShellScriptBuildPhase;
			buildActionMask = 2147483647;
			files = (
			);
			inputFileListPaths = (
				"${PODS_ROOT}/Target Support Files/Pods-HappyMoodBoard/Pods-HappyMoodBoard-frameworks-${CONFIGURATION}-input-files.xcfilelist",
			);
			name = "[CP] Embed Pods Frameworks";
			outputFileListPaths = (
				"${PODS_ROOT}/Target Support Files/Pods-HappyMoodBoard/Pods-HappyMoodBoard-frameworks-${CONFIGURATION}-output-files.xcfilelist",
			);
			runOnlyForDeploymentPostprocessing = 0;
			shellPath = /bin/sh;
			shellScript = "\"${PODS_ROOT}/Target Support Files/Pods-HappyMoodBoard/Pods-HappyMoodBoard-frameworks.sh\"\n";
			showEnvVarsInLog = 0;
		};
/* End PBXShellScriptBuildPhase section */

/* Begin PBXSourcesBuildPhase section */
		AC3A3BB82B049FB90081BF32 /* Sources */ = {
			isa = PBXSourcesBuildPhase;
			buildActionMask = 2147483647;
			files = (
				AC9E33CC2B35614000B0D9AE /* NavigationTitle.swift in Sources */,
				AC9E33D12B35643000B0D9AE /* NavigtaionItemBack.swift in Sources */,
				5DF686032B35151700479D54 /* HomeViewModel.swift in Sources */,
				5DB28DEC2B2AD0CD00C4E594 /* EnterNicknameViewController.swift in Sources */,
				5D4978812B32F26700059120 /* TabBarController.swift in Sources */,
				5D54D3F32B19CD4F0008A5D7 /* ViewModel.swift in Sources */,
				A2DFB7DF2B383150008B95AC /* SettingIndexButton.swift in Sources */,
				5D7252782B21ADE000CF6688 /* AgreeViewController.swift in Sources */,
				AC9E33BF2B35486E00B0D9AE /* SettingIndexViewController.swift in Sources */,
				5D7252872B21BEC100CF6688 /* CheckboxButton.swift in Sources */,
				A2DFB8002B39C4C1008B95AC /* UIViewController+alert.swift in Sources */,
				A2DFB8052B39C647008B95AC /* SettingOpenSourceLicenseViewController.swift in Sources */,
				A2DFB7E42B392A71008B95AC /* VersionInfoButton.swift in Sources */,
				5D4978832B32F27300059120 /* HomeViewController.swift in Sources */,
				5D4978852B32F36500059120 /* RegisterViewController.swift in Sources */,
				5D4977B32B327E4D00059120 /* UIViewController+backgroundColor.swift in Sources */,
				5DB28DF02B2AF9DD00C4E594 /* EnterNicknameViewModel.swift in Sources */,
				5D7252762B21ADD100CF6688 /* AgreeViewModel.swift in Sources */,
				5D54D3F12B19CCD40008A5D7 /* ViewAttributes.swift in Sources */,
				A2DFB7E92B392E4B008B95AC /* Version.swift in Sources */,
				A2DFB7F72B393873008B95AC /* SettingNotificationViewController.swift in Sources */,
				AC3A3BC02B049FB90081BF32 /* AppDelegate.swift in Sources */,
				A2DFB7F22B3935E1008B95AC /* SettingMyAccountViewController.swift in Sources */,
				A2DFB7FC2B39B4F7008B95AC /* SettingWebViewController.swift in Sources */,
				A2DFB7ED2B3930DB008B95AC /* SettingIndexViewModel.swift in Sources */,
				A2DFB7DA2B37C37C008B95AC /* SettingType.swift in Sources */,
				5D72528A2B231CE300CF6688 /* UIColor+BeeHappy.swift in Sources */,
				AC3A3BC22B049FB90081BF32 /* SceneDelegate.swift in Sources */,
				5D4978872B32F36D00059120 /* ListViewController.swift in Sources */,
				5D7252842B21BE8300CF6688 /* AgreeType.swift in Sources */,
			);
			runOnlyForDeploymentPostprocessing = 0;
		};
		AC3A3BCE2B049FBA0081BF32 /* Sources */ = {
			isa = PBXSourcesBuildPhase;
			buildActionMask = 2147483647;
			files = (
				AC3A3BD72B049FBA0081BF32 /* HappyMoodBoardTests.swift in Sources */,
				A2DFB7DB2B37C37C008B95AC /* SettingType.swift in Sources */,
				A2DFB7E52B392A71008B95AC /* VersionInfoButton.swift in Sources */,
				A2DFB7EE2B3930DB008B95AC /* SettingIndexViewModel.swift in Sources */,
				AC9E33C02B35486E00B0D9AE /* SettingIndexViewController.swift in Sources */,
				A2DFB7EA2B392E4B008B95AC /* Version.swift in Sources */,
				A2DFB7F82B393873008B95AC /* SettingNotificationViewController.swift in Sources */,
				A2DFB7F32B3935E1008B95AC /* SettingMyAccountViewController.swift in Sources */,
				A2DFB8012B39C4C1008B95AC /* UIViewController+alert.swift in Sources */,
				A2DFB8062B39C647008B95AC /* SettingOpenSourceLicenseViewController.swift in Sources */,
				A2DFB7FD2B39B4F7008B95AC /* SettingWebViewController.swift in Sources */,
				AC9E33D22B35643000B0D9AE /* NavigtaionItemBack.swift in Sources */,
				AC9E33CD2B35614000B0D9AE /* NavigationTitle.swift in Sources */,
			);
			runOnlyForDeploymentPostprocessing = 0;
		};
		AC3A3BD82B049FBA0081BF32 /* Sources */ = {
			isa = PBXSourcesBuildPhase;
			buildActionMask = 2147483647;
			files = (
				A2DFB7E62B392A71008B95AC /* VersionInfoButton.swift in Sources */,
				A2DFB7EB2B392E4B008B95AC /* Version.swift in Sources */,
				A2DFB7DC2B37C37C008B95AC /* SettingType.swift in Sources */,
				5D7252852B21BE8300CF6688 /* AgreeType.swift in Sources */,
				A2DFB8022B39C4C1008B95AC /* UIViewController+alert.swift in Sources */,
				AC9E33CE2B35614000B0D9AE /* NavigationTitle.swift in Sources */,
				A2DFB7F42B3935E1008B95AC /* SettingMyAccountViewController.swift in Sources */,
				A2DFB7FE2B39B4F7008B95AC /* SettingWebViewController.swift in Sources */,
				A2DFB7EF2B3930DB008B95AC /* SettingIndexViewModel.swift in Sources */,
				A2DFB8072B39C647008B95AC /* SettingOpenSourceLicenseViewController.swift in Sources */,
				AC3A3BE12B049FBA0081BF32 /* HappyMoodBoardUITests.swift in Sources */,
				AC3A3BE32B049FBA0081BF32 /* HappyMoodBoardUITestsLaunchTests.swift in Sources */,
				AC9E33D32B35643000B0D9AE /* NavigtaionItemBack.swift in Sources */,
				A2DFB7F92B393873008B95AC /* SettingNotificationViewController.swift in Sources */,
				AC9E33C12B35486E00B0D9AE /* SettingIndexViewController.swift in Sources */,
			);
			runOnlyForDeploymentPostprocessing = 0;
		};
/* End PBXSourcesBuildPhase section */

/* Begin PBXTargetDependency section */
		AC3A3BD42B049FBA0081BF32 /* PBXTargetDependency */ = {
			isa = PBXTargetDependency;
			target = AC3A3BBB2B049FB90081BF32 /* HappyMoodBoard */;
			targetProxy = AC3A3BD32B049FBA0081BF32 /* PBXContainerItemProxy */;
		};
		AC3A3BDE2B049FBA0081BF32 /* PBXTargetDependency */ = {
			isa = PBXTargetDependency;
			target = AC3A3BBB2B049FB90081BF32 /* HappyMoodBoard */;
			targetProxy = AC3A3BDD2B049FBA0081BF32 /* PBXContainerItemProxy */;
		};
/* End PBXTargetDependency section */

/* Begin XCBuildConfiguration section */
		AC3A3BE42B049FBA0081BF32 /* Debug */ = {
			isa = XCBuildConfiguration;
			buildSettings = {
				ALWAYS_SEARCH_USER_PATHS = NO;
				ASSETCATALOG_COMPILER_GENERATE_SWIFT_ASSET_SYMBOL_EXTENSIONS = YES;
				CLANG_ANALYZER_NONNULL = YES;
				CLANG_ANALYZER_NUMBER_OBJECT_CONVERSION = YES_AGGRESSIVE;
				CLANG_CXX_LANGUAGE_STANDARD = "gnu++20";
				CLANG_ENABLE_MODULES = YES;
				CLANG_ENABLE_OBJC_ARC = YES;
				CLANG_ENABLE_OBJC_WEAK = YES;
				CLANG_WARN_BLOCK_CAPTURE_AUTORELEASING = YES;
				CLANG_WARN_BOOL_CONVERSION = YES;
				CLANG_WARN_COMMA = YES;
				CLANG_WARN_CONSTANT_CONVERSION = YES;
				CLANG_WARN_DEPRECATED_OBJC_IMPLEMENTATIONS = YES;
				CLANG_WARN_DIRECT_OBJC_ISA_USAGE = YES_ERROR;
				CLANG_WARN_DOCUMENTATION_COMMENTS = YES;
				CLANG_WARN_EMPTY_BODY = YES;
				CLANG_WARN_ENUM_CONVERSION = YES;
				CLANG_WARN_INFINITE_RECURSION = YES;
				CLANG_WARN_INT_CONVERSION = YES;
				CLANG_WARN_NON_LITERAL_NULL_CONVERSION = YES;
				CLANG_WARN_OBJC_IMPLICIT_RETAIN_SELF = YES;
				CLANG_WARN_OBJC_LITERAL_CONVERSION = YES;
				CLANG_WARN_OBJC_ROOT_CLASS = YES_ERROR;
				CLANG_WARN_QUOTED_INCLUDE_IN_FRAMEWORK_HEADER = YES;
				CLANG_WARN_RANGE_LOOP_ANALYSIS = YES;
				CLANG_WARN_STRICT_PROTOTYPES = YES;
				CLANG_WARN_SUSPICIOUS_MOVE = YES;
				CLANG_WARN_UNGUARDED_AVAILABILITY = YES_AGGRESSIVE;
				CLANG_WARN_UNREACHABLE_CODE = YES;
				CLANG_WARN__DUPLICATE_METHOD_MATCH = YES;
				COPY_PHASE_STRIP = NO;
				DEBUG_INFORMATION_FORMAT = dwarf;
				ENABLE_STRICT_OBJC_MSGSEND = YES;
				ENABLE_TESTABILITY = YES;
				ENABLE_USER_SCRIPT_SANDBOXING = YES;
				GCC_C_LANGUAGE_STANDARD = gnu17;
				GCC_DYNAMIC_NO_PIC = NO;
				GCC_NO_COMMON_BLOCKS = YES;
				GCC_OPTIMIZATION_LEVEL = 0;
				GCC_PREPROCESSOR_DEFINITIONS = (
					"DEBUG=1",
					"$(inherited)",
				);
				GCC_WARN_64_TO_32_BIT_CONVERSION = YES;
				GCC_WARN_ABOUT_RETURN_TYPE = YES_ERROR;
				GCC_WARN_UNDECLARED_SELECTOR = YES;
				GCC_WARN_UNINITIALIZED_AUTOS = YES_AGGRESSIVE;
				GCC_WARN_UNUSED_FUNCTION = YES;
				GCC_WARN_UNUSED_VARIABLE = YES;
				IPHONEOS_DEPLOYMENT_TARGET = 15.0;
				LOCALIZATION_PREFERS_STRING_CATALOGS = YES;
				MTL_ENABLE_DEBUG_INFO = INCLUDE_SOURCE;
				MTL_FAST_MATH = YES;
				ONLY_ACTIVE_ARCH = YES;
				SDKROOT = iphoneos;
				SWIFT_ACTIVE_COMPILATION_CONDITIONS = "DEBUG $(inherited)";
				SWIFT_OPTIMIZATION_LEVEL = "-Onone";
			};
			name = Debug;
		};
		AC3A3BE52B049FBA0081BF32 /* Release */ = {
			isa = XCBuildConfiguration;
			buildSettings = {
				ALWAYS_SEARCH_USER_PATHS = NO;
				ASSETCATALOG_COMPILER_GENERATE_SWIFT_ASSET_SYMBOL_EXTENSIONS = YES;
				CLANG_ANALYZER_NONNULL = YES;
				CLANG_ANALYZER_NUMBER_OBJECT_CONVERSION = YES_AGGRESSIVE;
				CLANG_CXX_LANGUAGE_STANDARD = "gnu++20";
				CLANG_ENABLE_MODULES = YES;
				CLANG_ENABLE_OBJC_ARC = YES;
				CLANG_ENABLE_OBJC_WEAK = YES;
				CLANG_WARN_BLOCK_CAPTURE_AUTORELEASING = YES;
				CLANG_WARN_BOOL_CONVERSION = YES;
				CLANG_WARN_COMMA = YES;
				CLANG_WARN_CONSTANT_CONVERSION = YES;
				CLANG_WARN_DEPRECATED_OBJC_IMPLEMENTATIONS = YES;
				CLANG_WARN_DIRECT_OBJC_ISA_USAGE = YES_ERROR;
				CLANG_WARN_DOCUMENTATION_COMMENTS = YES;
				CLANG_WARN_EMPTY_BODY = YES;
				CLANG_WARN_ENUM_CONVERSION = YES;
				CLANG_WARN_INFINITE_RECURSION = YES;
				CLANG_WARN_INT_CONVERSION = YES;
				CLANG_WARN_NON_LITERAL_NULL_CONVERSION = YES;
				CLANG_WARN_OBJC_IMPLICIT_RETAIN_SELF = YES;
				CLANG_WARN_OBJC_LITERAL_CONVERSION = YES;
				CLANG_WARN_OBJC_ROOT_CLASS = YES_ERROR;
				CLANG_WARN_QUOTED_INCLUDE_IN_FRAMEWORK_HEADER = YES;
				CLANG_WARN_RANGE_LOOP_ANALYSIS = YES;
				CLANG_WARN_STRICT_PROTOTYPES = YES;
				CLANG_WARN_SUSPICIOUS_MOVE = YES;
				CLANG_WARN_UNGUARDED_AVAILABILITY = YES_AGGRESSIVE;
				CLANG_WARN_UNREACHABLE_CODE = YES;
				CLANG_WARN__DUPLICATE_METHOD_MATCH = YES;
				COPY_PHASE_STRIP = NO;
				DEBUG_INFORMATION_FORMAT = "dwarf-with-dsym";
				ENABLE_NS_ASSERTIONS = NO;
				ENABLE_STRICT_OBJC_MSGSEND = YES;
				ENABLE_USER_SCRIPT_SANDBOXING = YES;
				GCC_C_LANGUAGE_STANDARD = gnu17;
				GCC_NO_COMMON_BLOCKS = YES;
				GCC_WARN_64_TO_32_BIT_CONVERSION = YES;
				GCC_WARN_ABOUT_RETURN_TYPE = YES_ERROR;
				GCC_WARN_UNDECLARED_SELECTOR = YES;
				GCC_WARN_UNINITIALIZED_AUTOS = YES_AGGRESSIVE;
				GCC_WARN_UNUSED_FUNCTION = YES;
				GCC_WARN_UNUSED_VARIABLE = YES;
				IPHONEOS_DEPLOYMENT_TARGET = 15.0;
				LOCALIZATION_PREFERS_STRING_CATALOGS = YES;
				MTL_ENABLE_DEBUG_INFO = NO;
				MTL_FAST_MATH = YES;
				SDKROOT = iphoneos;
				SWIFT_COMPILATION_MODE = wholemodule;
				VALIDATE_PRODUCT = YES;
			};
			name = Release;
		};
		AC3A3BE72B049FBA0081BF32 /* Debug */ = {
			isa = XCBuildConfiguration;
			baseConfigurationReference = 2F1702469108E9A37AC63C6A /* Pods-HappyMoodBoard.debug.xcconfig */;
			buildSettings = {
				ASSETCATALOG_COMPILER_APPICON_NAME = AppIcon;
				ASSETCATALOG_COMPILER_GLOBAL_ACCENT_COLOR_NAME = AccentColor;
				CODE_SIGN_STYLE = Automatic;
				CURRENT_PROJECT_VERSION = 1;
				DEVELOPMENT_TEAM = S3JUP5Z7K9;
				ENABLE_USER_SCRIPT_SANDBOXING = NO;
				GENERATE_INFOPLIST_FILE = YES;
				INFOPLIST_FILE = HappyMoodBoard/Info.plist;
				INFOPLIST_KEY_UIApplicationSupportsIndirectInputEvents = YES;
				INFOPLIST_KEY_UILaunchStoryboardName = "";
				INFOPLIST_KEY_UIMainStoryboardFile = "";
				INFOPLIST_KEY_UISupportedInterfaceOrientations_iPad = "UIInterfaceOrientationPortrait UIInterfaceOrientationPortraitUpsideDown UIInterfaceOrientationLandscapeLeft UIInterfaceOrientationLandscapeRight";
				INFOPLIST_KEY_UISupportedInterfaceOrientations_iPhone = "UIInterfaceOrientationPortrait UIInterfaceOrientationLandscapeLeft UIInterfaceOrientationLandscapeRight";
				IPHONEOS_DEPLOYMENT_TARGET = 15.0;
				LD_RUNPATH_SEARCH_PATHS = (
					"$(inherited)",
					"@executable_path/Frameworks",
				);
				MARKETING_VERSION = 1.0.0;
				PRODUCT_BUNDLE_IDENTIFIER = com.beside.HappyMoodBoard;
				PRODUCT_NAME = "$(TARGET_NAME)";
				SWIFT_EMIT_LOC_STRINGS = YES;
				SWIFT_VERSION = 5.0;
				TARGETED_DEVICE_FAMILY = "1,2";
			};
			name = Debug;
		};
		AC3A3BE82B049FBA0081BF32 /* Release */ = {
			isa = XCBuildConfiguration;
			baseConfigurationReference = 12189AC0C5629299EDEEEADC /* Pods-HappyMoodBoard.release.xcconfig */;
			buildSettings = {
				ASSETCATALOG_COMPILER_APPICON_NAME = AppIcon;
				ASSETCATALOG_COMPILER_GLOBAL_ACCENT_COLOR_NAME = AccentColor;
				CODE_SIGN_STYLE = Automatic;
				CURRENT_PROJECT_VERSION = 1;
				DEVELOPMENT_TEAM = "";
				ENABLE_USER_SCRIPT_SANDBOXING = NO;
				GENERATE_INFOPLIST_FILE = YES;
				INFOPLIST_FILE = HappyMoodBoard/Info.plist;
				INFOPLIST_KEY_UIApplicationSupportsIndirectInputEvents = YES;
				INFOPLIST_KEY_UILaunchStoryboardName = "";
				INFOPLIST_KEY_UIMainStoryboardFile = "";
				INFOPLIST_KEY_UISupportedInterfaceOrientations_iPad = "UIInterfaceOrientationPortrait UIInterfaceOrientationPortraitUpsideDown UIInterfaceOrientationLandscapeLeft UIInterfaceOrientationLandscapeRight";
				INFOPLIST_KEY_UISupportedInterfaceOrientations_iPhone = "UIInterfaceOrientationPortrait UIInterfaceOrientationLandscapeLeft UIInterfaceOrientationLandscapeRight";
				IPHONEOS_DEPLOYMENT_TARGET = 15.0;
				LD_RUNPATH_SEARCH_PATHS = (
					"$(inherited)",
					"@executable_path/Frameworks",
				);
				MARKETING_VERSION = 1.0.0;
				PRODUCT_BUNDLE_IDENTIFIER = com.beside.HappyMoodBoard;
				PRODUCT_NAME = "$(TARGET_NAME)";
				SWIFT_EMIT_LOC_STRINGS = YES;
				SWIFT_VERSION = 5.0;
				TARGETED_DEVICE_FAMILY = "1,2";
			};
			name = Release;
		};
		AC3A3BEA2B049FBA0081BF32 /* Debug */ = {
			isa = XCBuildConfiguration;
			baseConfigurationReference = 6575D7DDF37C8F4547644BF0 /* Pods-HappyMoodBoardTests.debug.xcconfig */;
			buildSettings = {
				ALWAYS_EMBED_SWIFT_STANDARD_LIBRARIES = YES;
				BUNDLE_LOADER = "$(TEST_HOST)";
				CODE_SIGN_STYLE = Automatic;
				CURRENT_PROJECT_VERSION = 1;
				DEVELOPMENT_TEAM = S3JUP5Z7K9;
				GENERATE_INFOPLIST_FILE = YES;
				IPHONEOS_DEPLOYMENT_TARGET = 17.0;
				MARKETING_VERSION = 1.0;
				PRODUCT_BUNDLE_IDENTIFIER = com.beside.HappyMoodBoardTests;
				PRODUCT_NAME = "$(TARGET_NAME)";
				SWIFT_EMIT_LOC_STRINGS = NO;
				SWIFT_VERSION = 5.0;
				TARGETED_DEVICE_FAMILY = "1,2";
				TEST_HOST = "$(BUILT_PRODUCTS_DIR)/HappyMoodBoard.app/$(BUNDLE_EXECUTABLE_FOLDER_PATH)/HappyMoodBoard";
			};
			name = Debug;
		};
		AC3A3BEB2B049FBA0081BF32 /* Release */ = {
			isa = XCBuildConfiguration;
			baseConfigurationReference = 20290AFDECD40D5ADF4CF0B8 /* Pods-HappyMoodBoardTests.release.xcconfig */;
			buildSettings = {
				ALWAYS_EMBED_SWIFT_STANDARD_LIBRARIES = YES;
				BUNDLE_LOADER = "$(TEST_HOST)";
				CODE_SIGN_STYLE = Automatic;
				CURRENT_PROJECT_VERSION = 1;
				DEVELOPMENT_TEAM = S3JUP5Z7K9;
				GENERATE_INFOPLIST_FILE = YES;
				IPHONEOS_DEPLOYMENT_TARGET = 17.0;
				MARKETING_VERSION = 1.0;
				PRODUCT_BUNDLE_IDENTIFIER = com.beside.HappyMoodBoardTests;
				PRODUCT_NAME = "$(TARGET_NAME)";
				SWIFT_EMIT_LOC_STRINGS = NO;
				SWIFT_VERSION = 5.0;
				TARGETED_DEVICE_FAMILY = "1,2";
				TEST_HOST = "$(BUILT_PRODUCTS_DIR)/HappyMoodBoard.app/$(BUNDLE_EXECUTABLE_FOLDER_PATH)/HappyMoodBoard";
			};
			name = Release;
		};
		AC3A3BED2B049FBA0081BF32 /* Debug */ = {
			isa = XCBuildConfiguration;
			baseConfigurationReference = 0AA1D2815F3EC1CC3128138E /* Pods-HappyMoodBoard-HappyMoodBoardUITests.debug.xcconfig */;
			buildSettings = {
				ALWAYS_EMBED_SWIFT_STANDARD_LIBRARIES = YES;
				CODE_SIGN_STYLE = Automatic;
				CURRENT_PROJECT_VERSION = 1;
				DEVELOPMENT_TEAM = S3JUP5Z7K9;
				GENERATE_INFOPLIST_FILE = YES;
				MARKETING_VERSION = 1.0;
				PRODUCT_BUNDLE_IDENTIFIER = com.beside.HappyMoodBoardUITests;
				PRODUCT_NAME = "$(TARGET_NAME)";
				SWIFT_EMIT_LOC_STRINGS = NO;
				SWIFT_VERSION = 5.0;
				TARGETED_DEVICE_FAMILY = "1,2";
				TEST_TARGET_NAME = HappyMoodBoard;
			};
			name = Debug;
		};
		AC3A3BEE2B049FBA0081BF32 /* Release */ = {
			isa = XCBuildConfiguration;
			baseConfigurationReference = 928F15A5095CBB78C4957AD4 /* Pods-HappyMoodBoard-HappyMoodBoardUITests.release.xcconfig */;
			buildSettings = {
				ALWAYS_EMBED_SWIFT_STANDARD_LIBRARIES = YES;
				CODE_SIGN_STYLE = Automatic;
				CURRENT_PROJECT_VERSION = 1;
				DEVELOPMENT_TEAM = S3JUP5Z7K9;
				GENERATE_INFOPLIST_FILE = YES;
				MARKETING_VERSION = 1.0;
				PRODUCT_BUNDLE_IDENTIFIER = com.beside.HappyMoodBoardUITests;
				PRODUCT_NAME = "$(TARGET_NAME)";
				SWIFT_EMIT_LOC_STRINGS = NO;
				SWIFT_VERSION = 5.0;
				TARGETED_DEVICE_FAMILY = "1,2";
				TEST_TARGET_NAME = HappyMoodBoard;
			};
			name = Release;
		};
/* End XCBuildConfiguration section */

/* Begin XCConfigurationList section */
		AC3A3BB72B049FB90081BF32 /* Build configuration list for PBXProject "HappyMoodBoard" */ = {
			isa = XCConfigurationList;
			buildConfigurations = (
				AC3A3BE42B049FBA0081BF32 /* Debug */,
				AC3A3BE52B049FBA0081BF32 /* Release */,
			);
			defaultConfigurationIsVisible = 0;
			defaultConfigurationName = Release;
		};
		AC3A3BE62B049FBA0081BF32 /* Build configuration list for PBXNativeTarget "HappyMoodBoard" */ = {
			isa = XCConfigurationList;
			buildConfigurations = (
				AC3A3BE72B049FBA0081BF32 /* Debug */,
				AC3A3BE82B049FBA0081BF32 /* Release */,
			);
			defaultConfigurationIsVisible = 0;
			defaultConfigurationName = Release;
		};
		AC3A3BE92B049FBA0081BF32 /* Build configuration list for PBXNativeTarget "HappyMoodBoardTests" */ = {
			isa = XCConfigurationList;
			buildConfigurations = (
				AC3A3BEA2B049FBA0081BF32 /* Debug */,
				AC3A3BEB2B049FBA0081BF32 /* Release */,
			);
			defaultConfigurationIsVisible = 0;
			defaultConfigurationName = Release;
		};
		AC3A3BEC2B049FBA0081BF32 /* Build configuration list for PBXNativeTarget "HappyMoodBoardUITests" */ = {
			isa = XCConfigurationList;
			buildConfigurations = (
				AC3A3BED2B049FBA0081BF32 /* Debug */,
				AC3A3BEE2B049FBA0081BF32 /* Release */,
			);
			defaultConfigurationIsVisible = 0;
			defaultConfigurationName = Release;
		};
/* End XCConfigurationList section */
	};
	rootObject = AC3A3BB42B049FB90081BF32 /* Project object */;
}
